
Microsoft Visual Studio Solution File, Format Version 12.00
# Visual Studio Version 17
VisualStudioVersion = 17.0.31903.59
MinimumVisualStudioVersion = 10.0.40219.1
Project("{9A19103F-16F7-4668-BE54-9A1E7A4F7556}") = "SportsStore", "SportsStore\SportsStore.csproj", "{8C529B74-D194-45B2-95F2-B5E7CDB86631}"
EndProject
Project("{9A19103F-16F7-4668-BE54-9A1E7A4F7556}") = "SportsStore.Tests", "SportsStore.Tests\SportsStore.Tests.csproj", "{493DD290-90D7-4E5A-9BA8-94D4D3CD9A22}"
EndProject
Global
	GlobalSection(SolutionConfigurationPlatforms) = preSolution
		Debug|Any CPU = Debug|Any CPU
		Release|Any CPU = Release|Any CPU
	EndGlobalSection
	GlobalSection(ProjectConfigurationPlatforms) = postSolution
		{8C529B74-D194-45B2-95F2-B5E7CDB86631}.Debug|Any CPU.ActiveCfg = Debug|Any CPU
		{8C529B74-D194-45B2-95F2-B5E7CDB86631}.Debug|Any CPU.Build.0 = Debug|Any CPU
		{8C529B74-D194-45B2-95F2-B5E7CDB86631}.Release|Any CPU.ActiveCfg = Release|Any CPU
		{8C529B74-D194-45B2-95F2-B5E7CDB86631}.Release|Any CPU.Build.0 = Release|Any CPU
		{493DD290-90D7-4E5A-9BA8-94D4D3CD9A22}.Debug|Any CPU.ActiveCfg = Debug|Any CPU
		{493DD290-90D7-4E5A-9BA8-94D4D3CD9A22}.Debug|Any CPU.Build.0 = Debug|Any CPU
		{493DD290-90D7-4E5A-9BA8-94D4D3CD9A22}.Release|Any CPU.ActiveCfg = Release|Any CPU
		{493DD290-90D7-4E5A-9BA8-94D4D3CD9A22}.Release|Any CPU.Build.0 = Release|Any CPU
	EndGlobalSection
	GlobalSection(SolutionProperties) = preSolution
		HideSolutionNode = FALSE
	EndGlobalSection
	GlobalSection(ExtensibilityGlobals) = postSolution
		SolutionGuid = {F6DA55DE-C45E-4F32-803B-E128050B4F69}
	EndGlobalSection
EndGlobal
