
Microsoft Visual Studio Solution File, Format Version 12.00
# Visual Studio Version 17
VisualStudioVersion = 17.0.31903.59
MinimumVisualStudioVersion = 10.0.40219.1
Project("{FAE04EC0-301F-11D3-BF4B-00C04F79EFBC}") = "Saic", "Saic\Saic.csproj", "{0AECE47A-063C-49BD-BBB6-D5D570158279}"
EndProject
Project("{FAE04EC0-301F-11D3-BF4B-00C04F79EFBC}") = "Saic.Tests", "Saic.Tests\Saic.Tests.csproj", "{C8AA2C62-2E90-4A54-847F-2776D55978F2}"
EndProject
Global
	GlobalSection(SolutionConfigurationPlatforms) = preSolution
		Debug|Any CPU = Debug|Any CPU
		Release|Any CPU = Release|Any CPU
	EndGlobalSection
	GlobalSection(SolutionProperties) = preSolution
		HideSolutionNode = FALSE
	EndGlobalSection
	GlobalSection(ProjectConfigurationPlatforms) = postSolution
		{0AECE47A-063C-49BD-BBB6-D5D570158279}.Debug|Any CPU.ActiveCfg = Debug|Any CPU
		{0AECE47A-063C-49BD-BBB6-D5D570158279}.Debug|Any CPU.Build.0 = Debug|Any CPU
		{0AECE47A-063C-49BD-BBB6-D5D570158279}.Release|Any CPU.ActiveCfg = Release|Any CPU
		{0AECE47A-063C-49BD-BBB6-D5D570158279}.Release|Any CPU.Build.0 = Release|Any CPU
		{C8AA2C62-2E90-4A54-847F-2776D55978F2}.Debug|Any CPU.ActiveCfg = Debug|Any CPU
		{C8AA2C62-2E90-4A54-847F-2776D55978F2}.Debug|Any CPU.Build.0 = Debug|Any CPU
		{C8AA2C62-2E90-4A54-847F-2776D55978F2}.Release|Any CPU.ActiveCfg = Release|Any CPU
		{C8AA2C62-2E90-4A54-847F-2776D55978F2}.Release|Any CPU.Build.0 = Release|Any CPU
	EndGlobalSection
EndGlobal
